
Microsoft Visual Studio Solution File, Format Version 12.00
# Visual Studio Version 16
VisualStudioVersion = 16.0.29102.190
MinimumVisualStudioVersion = 10.0.40219.1
Project("{F184B08F-C81C-45F6-A57F-5ABD9991F28F}") = "FakeApp1", "FakeApp1\FakeApp1.vbproj", "{155C5C0C-B243-4C1B-BA83-AF08CA069F9E}"
EndProject
Global
	GlobalSection(SolutionConfigurationPlatforms) = preSolution
		Debug|Any CPU = Debug|Any CPU
		Release|Any CPU = Release|Any CPU
	EndGlobalSection
	GlobalSection(ProjectConfigurationPlatforms) = postSolution
		{155C5C0C-B243-4C1B-BA83-AF08CA069F9E}.Debug|Any CPU.ActiveCfg = Debug|Any CPU
		{155C5C0C-B243-4C1B-BA83-AF08CA069F9E}.Debug|Any CPU.Build.0 = Debug|Any CPU
		{155C5C0C-B243-4C1B-BA83-AF08CA069F9E}.Release|Any CPU.ActiveCfg = Release|Any CPU
		{155C5C0C-B243-4C1B-BA83-AF08CA069F9E}.Release|Any CPU.Build.0 = Release|Any CPU
	EndGlobalSection
	GlobalSection(SolutionProperties) = preSolution
		HideSolutionNode = FALSE
	EndGlobalSection
	GlobalSection(ExtensibilityGlobals) = postSolution
		SolutionGuid = {81FA80FF-61B5-49A9-A7CB-BB8102B60969}
	EndGlobalSection
EndGlobal
